version: 6
environments:
  default:
    channels:
    - url: https://conda.anaconda.org/conda-forge/
    - url: https://conda.anaconda.org/bioconda/
    indexes:
    - https://pypi.org/simple
    packages:
      linux-64:
      - conda: https://conda.anaconda.org/conda-forge/linux-64/_libgcc_mutex-0.1-conda_forge.tar.bz2
      - conda: https://conda.anaconda.org/conda-forge/linux-64/_openmp_mutex-4.5-2_gnu.tar.bz2
      - conda: https://conda.anaconda.org/conda-forge/linux-64/bzip2-1.0.8-hda65f42_8.conda
      - conda: https://conda.anaconda.org/conda-forge/noarch/ca-certificates-2025.8.3-hbd8a1cb_0.conda
      - conda: https://conda.anaconda.org/bioconda/linux-64/fastp-1.0.1-heae3180_0.tar.bz2
      - conda: https://conda.anaconda.org/conda-forge/linux-64/isa-l-2.31.1-hb9d3cd8_1.conda
      - conda: https://conda.anaconda.org/conda-forge/linux-64/ld_impl_linux-64-2.44-ha97dd6f_2.conda
      - conda: https://conda.anaconda.org/conda-forge/linux-64/libdeflate-1.24-h86f0d12_0.conda
      - conda: https://conda.anaconda.org/conda-forge/linux-64/libexpat-2.7.1-hecca717_0.conda
      - conda: https://conda.anaconda.org/conda-forge/linux-64/libffi-3.4.6-h2dba641_1.conda
      - conda: https://conda.anaconda.org/conda-forge/linux-64/libgcc-15.1.0-h767d61c_5.conda
      - conda: https://conda.anaconda.org/conda-forge/linux-64/libgcc-ng-15.1.0-h69a702a_5.conda
      - conda: https://conda.anaconda.org/conda-forge/linux-64/libgomp-15.1.0-h767d61c_5.conda
      - conda: https://conda.anaconda.org/conda-forge/linux-64/liblzma-5.8.1-hb9d3cd8_2.conda
      - conda: https://conda.anaconda.org/conda-forge/linux-64/libnsl-2.0.1-hb9d3cd8_1.conda
      - conda: https://conda.anaconda.org/conda-forge/linux-64/libsqlite-3.50.4-h0c1763c_0.conda
      - conda: https://conda.anaconda.org/conda-forge/linux-64/libstdcxx-15.1.0-h8f9b012_5.conda
      - conda: https://conda.anaconda.org/conda-forge/linux-64/libuuid-2.41.2-he9a06e4_0.conda
      - conda: https://conda.anaconda.org/conda-forge/linux-64/libxcrypt-4.4.36-hd590300_1.conda
      - conda: https://conda.anaconda.org/conda-forge/linux-64/libzlib-1.3.1-hb9d3cd8_2.conda
      - conda: https://conda.anaconda.org/conda-forge/linux-64/ncurses-6.5-h2d0b736_3.conda
      - conda: https://conda.anaconda.org/conda-forge/linux-64/openssl-3.5.4-h26f9b46_0.conda
      - conda: https://conda.anaconda.org/conda-forge/linux-64/pixi-pack-0.7.3-h60886be_0.conda
      - conda: https://conda.anaconda.org/conda-forge/linux-64/python-3.11.13-h9e4cc4f_0_cpython.conda
      - conda: https://conda.anaconda.org/conda-forge/linux-64/readline-8.2-h8c095d6_2.conda
      - conda: https://conda.anaconda.org/bioconda/linux-64/sylph-0.8.1-ha6fb395_0.tar.bz2
      - conda: https://conda.anaconda.org/conda-forge/linux-64/tk-8.6.13-noxft_hd72426e_102.conda
      - conda: https://conda.anaconda.org/conda-forge/noarch/tzdata-2025b-h78e105d_0.conda
      - pypi: https://files.pythonhosted.org/packages/db/d3/9dcc0f5797f070ec8edf30fbadfb200e71d9db6b84d211e3b2085a7589a0/click-8.3.0-py3-none-any.whl
      - pypi: https://files.pythonhosted.org/packages/b0/ef/bd8e719c2f7417ba03239052e099b76ea1130ac0cbb183ee1fcaa58aaff3/coverage-7.10.7-cp311-cp311-manylinux1_x86_64.manylinux_2_28_x86_64.manylinux_2_5_x86_64.whl
      - pypi: https://files.pythonhosted.org/packages/2c/e1/e6716421ea10d38022b952c159d5161ca1193197fb744506875fbb87ea7b/iniconfig-2.1.0-py3-none-any.whl
      - pypi: https://files.pythonhosted.org/packages/b8/89/ea8f91594bc5dbb879734d35a6f2b0ad50605d7fb419de2b63d4211765cc/lxml-6.0.2-cp311-cp311-manylinux_2_26_x86_64.manylinux_2_28_x86_64.whl
      - pypi: https://files.pythonhosted.org/packages/94/54/e7d793b573f298e1c9013b8c4dade17d481164aa517d1d7148619c2cedbf/markdown_it_py-4.0.0-py3-none-any.whl
      - pypi: https://files.pythonhosted.org/packages/b3/38/89ba8ad64ae25be8de66a6d463314cf1eb366222074cfda9ee839c56a4b4/mdurl-0.1.2-py3-none-any.whl
      - pypi: https://files.pythonhosted.org/packages/20/12/38679034af332785aac8774540895e234f4d07f7545804097de4b666afd8/packaging-25.0-py3-none-any.whl
      - pypi: https://files.pythonhosted.org/packages/54/20/4d324d65cc6d9205fabedc306948156824eb9f0ee1633355a8f7ec5c66bf/pluggy-1.6.0-py3-none-any.whl
      - pypi: https://files.pythonhosted.org/packages/9d/de/04c8c61232f7244aa0a4b9a9fbd63a89d5aeaf94b2fc9d1d16e2faa5cbb0/psutil-7.1.0-cp36-abi3-manylinux_2_12_x86_64.manylinux2010_x86_64.manylinux_2_17_x86_64.manylinux2014_x86_64.whl
      - pypi: https://files.pythonhosted.org/packages/a8/ee/a878f2ad010cbccb311f947f0f2f09d38f613938ee28c34e60fceecc75a1/pyaml-25.7.0-py3-none-any.whl
      - pypi: https://files.pythonhosted.org/packages/ce/0b/fadfd7d0088efa3ba0cdcdbb51d093e18d3700f6f88634aa8387106394a4/pyfaidx-0.9.0.3-py3-none-any.whl
      - pypi: https://files.pythonhosted.org/packages/c7/21/705964c7812476f378728bdf590ca4b771ec72385c533964653c68e86bdc/pygments-2.19.2-py3-none-any.whl
      - pypi: https://files.pythonhosted.org/packages/a8/a4/20da314d277121d6534b3a980b29035dcd51e6744bd79075a6ce8fa4eb8d/pytest-8.4.2-py3-none-any.whl
      - pypi: https://files.pythonhosted.org/packages/78/3a/af5b4fa5961d9a1e6237b530eb87dd04aea6eb83da09d2a4073d81b54ccf/pytest_cov-5.0.0-py3-none-any.whl
      - pypi: https://files.pythonhosted.org/packages/71/60/917329f640924b18ff085ab889a11c763e0b573da888e8404ff486657602/pyyaml-6.0.3-cp311-cp311-manylinux2014_x86_64.manylinux_2_17_x86_64.manylinux_2_28_x86_64.whl
      - pypi: https://files.pythonhosted.org/packages/e3/30/3c4d035596d3cf444529e0b2953ad0466f6049528a879d27534700580395/rich-14.1.0-py3-none-any.whl
      - pypi: https://files.pythonhosted.org/packages/a7/86/96f4252f41840e325b3fa6c48297e661abb9f564bd7dcc0572398c8daa42/ruff-0.6.9-py3-none-manylinux_2_17_x86_64.manylinux2014_x86_64.whl
      - pypi: https://files.pythonhosted.org/packages/e0/f9/0595336914c5619e5f28a1fb793285925a8cd4b432c9da0a987836c7f822/shellingham-1.5.4-py2.py3-none-any.whl
      - pypi: https://files.pythonhosted.org/packages/d5/67/3198ff53bfabb3a40ac9b0e6be7ac9830509cef226588bf9930e24bea6e8/stringMLST-0.6.3.tar.gz
      - pypi: https://files.pythonhosted.org/packages/00/22/35617eee79080a5d071d0f14ad698d325ee6b3bf824fc0467c03b30e7fa8/typer-0.19.2-py3-none-any.whl
      - pypi: https://files.pythonhosted.org/packages/18/67/36e9267722cc04a6b9f15c7f3441c2363321a3ea07da7ae0c0707beb2a9c/typing_extensions-4.15.0-py3-none-any.whl
      osx-64:
      - conda: https://conda.anaconda.org/conda-forge/osx-64/bzip2-1.0.8-h500dc9f_8.conda
      - conda: https://conda.anaconda.org/conda-forge/noarch/ca-certificates-2025.8.3-hbd8a1cb_0.conda
      - conda: https://conda.anaconda.org/bioconda/osx-64/fastp-1.0.1-h9ea9c2a_0.tar.bz2
      - conda: https://conda.anaconda.org/conda-forge/osx-64/isa-l-2.31.1-h6e16a3a_1.conda
      - conda: https://conda.anaconda.org/conda-forge/osx-64/libcxx-21.1.2-h3d58e20_0.conda
      - conda: https://conda.anaconda.org/conda-forge/osx-64/libdeflate-1.24-hcc1b750_0.conda
      - conda: https://conda.anaconda.org/conda-forge/osx-64/libexpat-2.7.1-h21dd04a_0.conda
      - conda: https://conda.anaconda.org/conda-forge/osx-64/libffi-3.4.6-h281671d_1.conda
      - conda: https://conda.anaconda.org/conda-forge/osx-64/liblzma-5.8.1-hd471939_2.conda
      - conda: https://conda.anaconda.org/conda-forge/osx-64/libsqlite-3.50.4-h39a8b3b_0.conda
      - conda: https://conda.anaconda.org/conda-forge/osx-64/libzlib-1.3.1-hd23fc13_2.conda
      - conda: https://conda.anaconda.org/conda-forge/osx-64/ncurses-6.5-h0622a9a_3.conda
      - conda: https://conda.anaconda.org/conda-forge/osx-64/openssl-3.5.4-h230baf5_0.conda
      - conda: https://conda.anaconda.org/conda-forge/osx-64/pixi-pack-0.7.3-h5d9ff99_0.conda
      - conda: https://conda.anaconda.org/conda-forge/osx-64/python-3.11.13-h9ccd52b_0_cpython.conda
      - conda: https://conda.anaconda.org/conda-forge/osx-64/readline-8.2-h7cca4af_2.conda
      - conda: https://conda.anaconda.org/bioconda/osx-64/sylph-0.8.1-hdc87acc_0.tar.bz2
      - conda: https://conda.anaconda.org/conda-forge/osx-64/tk-8.6.13-hf689a15_2.conda
      - conda: https://conda.anaconda.org/conda-forge/noarch/tzdata-2025b-h78e105d_0.conda
      - pypi: https://files.pythonhosted.org/packages/db/d3/9dcc0f5797f070ec8edf30fbadfb200e71d9db6b84d211e3b2085a7589a0/click-8.3.0-py3-none-any.whl
      - pypi: https://files.pythonhosted.org/packages/d2/5d/c1a17867b0456f2e9ce2d8d4708a4c3a089947d0bec9c66cdf60c9e7739f/coverage-7.10.7-cp311-cp311-macosx_10_9_x86_64.whl
      - pypi: https://files.pythonhosted.org/packages/2c/e1/e6716421ea10d38022b952c159d5161ca1193197fb744506875fbb87ea7b/iniconfig-2.1.0-py3-none-any.whl
      - pypi: https://files.pythonhosted.org/packages/28/66/1ced58f12e804644426b85d0bb8a4478ca77bc1761455da310505f1a3526/lxml-6.0.2-cp311-cp311-macosx_10_9_x86_64.whl
      - pypi: https://files.pythonhosted.org/packages/94/54/e7d793b573f298e1c9013b8c4dade17d481164aa517d1d7148619c2cedbf/markdown_it_py-4.0.0-py3-none-any.whl
      - pypi: https://files.pythonhosted.org/packages/b3/38/89ba8ad64ae25be8de66a6d463314cf1eb366222074cfda9ee839c56a4b4/mdurl-0.1.2-py3-none-any.whl
      - pypi: https://files.pythonhosted.org/packages/20/12/38679034af332785aac8774540895e234f4d07f7545804097de4b666afd8/packaging-25.0-py3-none-any.whl
      - pypi: https://files.pythonhosted.org/packages/54/20/4d324d65cc6d9205fabedc306948156824eb9f0ee1633355a8f7ec5c66bf/pluggy-1.6.0-py3-none-any.whl
      - pypi: https://files.pythonhosted.org/packages/46/62/ce4051019ee20ce0ed74432dd73a5bb087a6704284a470bb8adff69a0932/psutil-7.1.0-cp36-abi3-macosx_10_9_x86_64.whl
      - pypi: https://files.pythonhosted.org/packages/a8/ee/a878f2ad010cbccb311f947f0f2f09d38f613938ee28c34e60fceecc75a1/pyaml-25.7.0-py3-none-any.whl
      - pypi: https://files.pythonhosted.org/packages/ce/0b/fadfd7d0088efa3ba0cdcdbb51d093e18d3700f6f88634aa8387106394a4/pyfaidx-0.9.0.3-py3-none-any.whl
      - pypi: https://files.pythonhosted.org/packages/c7/21/705964c7812476f378728bdf590ca4b771ec72385c533964653c68e86bdc/pygments-2.19.2-py3-none-any.whl
      - pypi: https://files.pythonhosted.org/packages/a8/a4/20da314d277121d6534b3a980b29035dcd51e6744bd79075a6ce8fa4eb8d/pytest-8.4.2-py3-none-any.whl
      - pypi: https://files.pythonhosted.org/packages/78/3a/af5b4fa5961d9a1e6237b530eb87dd04aea6eb83da09d2a4073d81b54ccf/pytest_cov-5.0.0-py3-none-any.whl
      - pypi: https://files.pythonhosted.org/packages/6d/16/a95b6757765b7b031c9374925bb718d55e0a9ba8a1b6a12d25962ea44347/pyyaml-6.0.3-cp311-cp311-macosx_10_13_x86_64.whl
      - pypi: https://files.pythonhosted.org/packages/e3/30/3c4d035596d3cf444529e0b2953ad0466f6049528a879d27534700580395/rich-14.1.0-py3-none-any.whl
      - pypi: https://files.pythonhosted.org/packages/8b/69/b179a5faf936a9e2ab45bb412a668e4661eded964ccfa19d533f29463ef6/ruff-0.6.9-py3-none-macosx_10_12_x86_64.whl
      - pypi: https://files.pythonhosted.org/packages/e0/f9/0595336914c5619e5f28a1fb793285925a8cd4b432c9da0a987836c7f822/shellingham-1.5.4-py2.py3-none-any.whl
      - pypi: https://files.pythonhosted.org/packages/d5/67/3198ff53bfabb3a40ac9b0e6be7ac9830509cef226588bf9930e24bea6e8/stringMLST-0.6.3.tar.gz
      - pypi: https://files.pythonhosted.org/packages/00/22/35617eee79080a5d071d0f14ad698d325ee6b3bf824fc0467c03b30e7fa8/typer-0.19.2-py3-none-any.whl
      - pypi: https://files.pythonhosted.org/packages/18/67/36e9267722cc04a6b9f15c7f3441c2363321a3ea07da7ae0c0707beb2a9c/typing_extensions-4.15.0-py3-none-any.whl
packages:
- conda: https://conda.anaconda.org/conda-forge/linux-64/_libgcc_mutex-0.1-conda_forge.tar.bz2
  sha256: fe51de6107f9edc7aa4f786a70f4a883943bc9d39b3bb7307c04c41410990726
  md5: d7c89558ba9fa0495403155b64376d81
  license: None
  purls: []
  size: 2562
  timestamp: 1578324546067
- conda: https://conda.anaconda.org/conda-forge/linux-64/_openmp_mutex-4.5-2_gnu.tar.bz2
  build_number: 16
  sha256: fbe2c5e56a653bebb982eda4876a9178aedfc2b545f25d0ce9c4c0b508253d22
  md5: 73aaf86a425cc6e73fcf236a5a46396d
  depends:
  - _libgcc_mutex 0.1 conda_forge
  - libgomp >=7.5.0
  constrains:
  - openmp_impl 9999
  license: BSD-3-Clause
  license_family: BSD
  purls: []
  size: 23621
  timestamp: 1650670423406
- conda: https://conda.anaconda.org/conda-forge/linux-64/bzip2-1.0.8-hda65f42_8.conda
  sha256: c30daba32ddebbb7ded490f0e371eae90f51e72db620554089103b4a6934b0d5
  md5: 51a19bba1b8ebfb60df25cde030b7ebc
  depends:
  - __glibc >=2.17,<3.0.a0
  - libgcc >=14
  license: bzip2-1.0.6
  license_family: BSD
  purls: []
  size: 260341
  timestamp: 1757437258798
- conda: https://conda.anaconda.org/conda-forge/osx-64/bzip2-1.0.8-h500dc9f_8.conda
  sha256: 8f50b58efb29c710f3cecf2027a8d7325ba769ab10c746eff75cea3ac050b10c
  md5: 97c4b3bd8a90722104798175a1bdddbf
  depends:
  - __osx >=10.13
  license: bzip2-1.0.6
  license_family: BSD
  purls: []
  size: 132607
  timestamp: 1757437730085
- conda: https://conda.anaconda.org/conda-forge/noarch/ca-certificates-2025.8.3-hbd8a1cb_0.conda
  sha256: 837b795a2bb39b75694ba910c13c15fa4998d4bb2a622c214a6a5174b2ae53d1
  md5: 74784ee3d225fc3dca89edb635b4e5cc
  depends:
  - __unix
  license: ISC
  purls: []
  size: 154402
  timestamp: 1754210968730
- pypi: https://files.pythonhosted.org/packages/db/d3/9dcc0f5797f070ec8edf30fbadfb200e71d9db6b84d211e3b2085a7589a0/click-8.3.0-py3-none-any.whl
  name: click
  version: 8.3.0
  sha256: 9b9f285302c6e3064f4330c05f05b81945b2a39544279343e6e7c5f27a9baddc
  requires_dist:
  - colorama ; sys_platform == 'win32'
  requires_python: '>=3.10'
- pypi: https://files.pythonhosted.org/packages/b0/ef/bd8e719c2f7417ba03239052e099b76ea1130ac0cbb183ee1fcaa58aaff3/coverage-7.10.7-cp311-cp311-manylinux1_x86_64.manylinux_2_28_x86_64.manylinux_2_5_x86_64.whl
  name: coverage
  version: 7.10.7
  sha256: 35f5e3f9e455bb17831876048355dca0f758b6df22f49258cb5a91da23ef437d
  requires_dist:
  - tomli ; python_full_version <= '3.11' and extra == 'toml'
  requires_python: '>=3.9'
- pypi: https://files.pythonhosted.org/packages/d2/5d/c1a17867b0456f2e9ce2d8d4708a4c3a089947d0bec9c66cdf60c9e7739f/coverage-7.10.7-cp311-cp311-macosx_10_9_x86_64.whl
  name: coverage
  version: 7.10.7
  sha256: a609f9c93113be646f44c2a0256d6ea375ad047005d7f57a5c15f614dc1b2f59
  requires_dist:
  - tomli ; python_full_version <= '3.11' and extra == 'toml'
  requires_python: '>=3.9'
- conda: https://conda.anaconda.org/bioconda/linux-64/fastp-1.0.1-heae3180_0.tar.bz2
  sha256: accee7e586711b20b32a47e85fd9ede4c428cd588c0ad5df0be84077f689af66
  md5: 166517452931b0bd1e04fbb06d5e7915
  depends:
  - isa-l >=2.31.1,<3.0a0
  - libdeflate >=1.22,<1.25.0a0
  - libgcc >=13
  - libstdcxx >=13
  license: MIT
  license_family: MIT
  purls: []
  size: 270543
  timestamp: 1750159498639
- conda: https://conda.anaconda.org/bioconda/osx-64/fastp-1.0.1-h9ea9c2a_0.tar.bz2
  sha256: 354b1d0d28c1fee973ccf461f5cb1e10ea78736a9e0d9f62807332f514272271
  md5: 07eef7a993c096ddffa838cdbf7924b2
  depends:
  - isa-l >=2.31.1,<3.0a0
  - libcxx >=18
  - libdeflate >=1.22,<1.25.0a0
  license: MIT
  license_family: MIT
  purls: []
  size: 248764
  timestamp: 1750160591531
- pypi: https://files.pythonhosted.org/packages/2c/e1/e6716421ea10d38022b952c159d5161ca1193197fb744506875fbb87ea7b/iniconfig-2.1.0-py3-none-any.whl
  name: iniconfig
  version: 2.1.0
  sha256: 9deba5723312380e77435581c6bf4935c94cbfab9b1ed33ef8d238ea168eb760
  requires_python: '>=3.8'
- conda: https://conda.anaconda.org/conda-forge/linux-64/isa-l-2.31.1-hb9d3cd8_1.conda
  sha256: 75b15f01a6b286630c4a98be0d05e286275a5ef3868e23e6d9644e51b73650e1
  md5: 00f364ec0a7e975ec9d2fc720b19c129
  depends:
  - __glibc >=2.17,<3.0.a0
  - libgcc >=13
  license: BSD-3-Clause
  license_family: BSD
  purls: []
  size: 157291
  timestamp: 1736497194571
- conda: https://conda.anaconda.org/conda-forge/osx-64/isa-l-2.31.1-h6e16a3a_1.conda
  sha256: 067aa4c822a9fa93eddd4f1f849da15a16c594d6ab97bd86d5a0a9d08705e0b5
  md5: ce862c9411f9c675a0d322a049b8689f
  depends:
  - __osx >=10.13
  license: BSD-3-Clause
  license_family: BSD
  purls: []
  size: 148427
  timestamp: 1736497384136
- conda: https://conda.anaconda.org/conda-forge/linux-64/ld_impl_linux-64-2.44-ha97dd6f_2.conda
  sha256: 707dfb8d55d7a5c6f95c772d778ef07a7ca85417d9971796f7d3daad0b615de8
  md5: 14bae321b8127b63cba276bd53fac237
  depends:
  - __glibc >=2.17,<3.0.a0
  constrains:
  - binutils_impl_linux-64 2.44
  license: GPL-3.0-only
  license_family: GPL
  purls: []
  size: 747158
  timestamp: 1758810907507
- conda: https://conda.anaconda.org/conda-forge/osx-64/libcxx-21.1.2-h3d58e20_0.conda
  sha256: c3feab716740baa6193a1bc5c948c47c913e28f6e52d418bb67123cb92b9761e
  md5: 34cd9d03a8f27081a556cb397a19f6cd
  depends:
  - __osx >=10.13
  license: Apache-2.0 WITH LLVM-exception
  license_family: Apache
  purls: []
  size: 572006
  timestamp: 1758698149906
- conda: https://conda.anaconda.org/conda-forge/linux-64/libdeflate-1.24-h86f0d12_0.conda
  sha256: 8420748ea1cc5f18ecc5068b4f24c7a023cc9b20971c99c824ba10641fb95ddf
  md5: 64f0c503da58ec25ebd359e4d990afa8
  depends:
  - __glibc >=2.17,<3.0.a0
  - libgcc >=13
  license: MIT
  license_family: MIT
  purls: []
  size: 72573
  timestamp: 1747040452262
- conda: https://conda.anaconda.org/conda-forge/osx-64/libdeflate-1.24-hcc1b750_0.conda
  sha256: 2733a4adf53daca1aa4f41fe901f0f8ee9e4c509abd23ffcd7660013772d6f45
  md5: f0a46c359722a3e84deb05cd4072d153
  depends:
  - __osx >=10.13
  license: MIT
  license_family: MIT
  purls: []
  size: 69751
  timestamp: 1747040526774
- conda: https://conda.anaconda.org/conda-forge/linux-64/libexpat-2.7.1-hecca717_0.conda
  sha256: da2080da8f0288b95dd86765c801c6e166c4619b910b11f9a8446fb852438dc2
  md5: 4211416ecba1866fab0c6470986c22d6
  depends:
  - __glibc >=2.17,<3.0.a0
  - libgcc >=14
  constrains:
  - expat 2.7.1.*
  license: MIT
  license_family: MIT
  purls: []
  size: 74811
  timestamp: 1752719572741
- conda: https://conda.anaconda.org/conda-forge/osx-64/libexpat-2.7.1-h21dd04a_0.conda
  sha256: 689862313571b62ee77ee01729dc093f2bf25a2f99415fcfe51d3a6cd31cce7b
  md5: 9fdeae0b7edda62e989557d645769515
  depends:
  - __osx >=10.13
  constrains:
  - expat 2.7.1.*
  license: MIT
  license_family: MIT
  purls: []
  size: 72450
  timestamp: 1752719744781
- conda: https://conda.anaconda.org/conda-forge/linux-64/libffi-3.4.6-h2dba641_1.conda
  sha256: 764432d32db45466e87f10621db5b74363a9f847d2b8b1f9743746cd160f06ab
  md5: ede4673863426c0883c0063d853bbd85
  depends:
  - __glibc >=2.17,<3.0.a0
  - libgcc >=13
  license: MIT
  license_family: MIT
  purls: []
  size: 57433
  timestamp: 1743434498161
- conda: https://conda.anaconda.org/conda-forge/osx-64/libffi-3.4.6-h281671d_1.conda
  sha256: 6394b1bc67c64a21a5cc73d1736d1d4193a64515152e861785c44d2cfc49edf3
  md5: 4ca9ea59839a9ca8df84170fab4ceb41
  depends:
  - __osx >=10.13
  license: MIT
  license_family: MIT
  purls: []
  size: 51216
  timestamp: 1743434595269
- conda: https://conda.anaconda.org/conda-forge/linux-64/libgcc-15.1.0-h767d61c_5.conda
  sha256: 0caed73aac3966bfbf5710e06c728a24c6c138605121a3dacb2e03440e8baa6a
  md5: 264fbfba7fb20acf3b29cde153e345ce
  depends:
  - __glibc >=2.17,<3.0.a0
  - _openmp_mutex >=4.5
  constrains:
  - libgomp 15.1.0 h767d61c_5
  - libgcc-ng ==15.1.0=*_5
  license: GPL-3.0-only WITH GCC-exception-3.1
  license_family: GPL
  purls: []
  size: 824191
  timestamp: 1757042543820
- conda: https://conda.anaconda.org/conda-forge/linux-64/libgcc-ng-15.1.0-h69a702a_5.conda
  sha256: f54bb9c3be12b24be327f4c1afccc2969712e0b091cdfbd1d763fb3e61cda03f
  md5: 069afdf8ea72504e48d23ae1171d951c
  depends:
  - libgcc 15.1.0 h767d61c_5
  license: GPL-3.0-only WITH GCC-exception-3.1
  license_family: GPL
  purls: []
  size: 29187
  timestamp: 1757042549554
- conda: https://conda.anaconda.org/conda-forge/linux-64/libgomp-15.1.0-h767d61c_5.conda
  sha256: 125051d51a8c04694d0830f6343af78b556dd88cc249dfec5a97703ebfb1832d
  md5: dcd5ff1940cd38f6df777cac86819d60
  depends:
  - __glibc >=2.17,<3.0.a0
  license: GPL-3.0-only WITH GCC-exception-3.1
  license_family: GPL
  purls: []
  size: 447215
  timestamp: 1757042483384
- conda: https://conda.anaconda.org/conda-forge/linux-64/liblzma-5.8.1-hb9d3cd8_2.conda
  sha256: f2591c0069447bbe28d4d696b7fcb0c5bd0b4ac582769b89addbcf26fb3430d8
  md5: 1a580f7796c7bf6393fddb8bbbde58dc
  depends:
  - __glibc >=2.17,<3.0.a0
  - libgcc >=13
  constrains:
  - xz 5.8.1.*
  license: 0BSD
  purls: []
  size: 112894
  timestamp: 1749230047870
- conda: https://conda.anaconda.org/conda-forge/osx-64/liblzma-5.8.1-hd471939_2.conda
  sha256: 7e22fd1bdb8bf4c2be93de2d4e718db5c548aa082af47a7430eb23192de6bb36
  md5: 8468beea04b9065b9807fc8b9cdc5894
  depends:
  - __osx >=10.13
  constrains:
  - xz 5.8.1.*
  license: 0BSD
  purls: []
  size: 104826
  timestamp: 1749230155443
- conda: https://conda.anaconda.org/conda-forge/linux-64/libnsl-2.0.1-hb9d3cd8_1.conda
  sha256: 927fe72b054277cde6cb82597d0fcf6baf127dcbce2e0a9d8925a68f1265eef5
  md5: d864d34357c3b65a4b731f78c0801dc4
  depends:
  - __glibc >=2.17,<3.0.a0
  - libgcc >=13
  license: LGPL-2.1-only
  license_family: GPL
  purls: []
  size: 33731
  timestamp: 1750274110928
- conda: https://conda.anaconda.org/conda-forge/linux-64/libsqlite-3.50.4-h0c1763c_0.conda
  sha256: 6d9c32fc369af5a84875725f7ddfbfc2ace795c28f246dc70055a79f9b2003da
  md5: 0b367fad34931cb79e0d6b7e5c06bb1c
  depends:
  - __glibc >=2.17,<3.0.a0
  - libgcc >=14
  - libzlib >=1.3.1,<2.0a0
  license: blessing
  purls: []
  size: 932581
  timestamp: 1753948484112
- conda: https://conda.anaconda.org/conda-forge/osx-64/libsqlite-3.50.4-h39a8b3b_0.conda
  sha256: 466366b094c3eb4b1d77320530cbf5400e7a10ab33e4824c200147488eebf7a6
  md5: 156bfb239b6a67ab4a01110e6718cbc4
  depends:
  - __osx >=10.13
  - libzlib >=1.3.1,<2.0a0
  license: blessing
  purls: []
  size: 980121
  timestamp: 1753948554003
- conda: https://conda.anaconda.org/conda-forge/linux-64/libstdcxx-15.1.0-h8f9b012_5.conda
  sha256: 0f5f61cab229b6043541c13538d75ce11bd96fb2db76f94ecf81997b1fde6408
  md5: 4e02a49aaa9d5190cb630fa43528fbe6
  depends:
  - __glibc >=2.17,<3.0.a0
  - libgcc 15.1.0 h767d61c_5
  license: GPL-3.0-only WITH GCC-exception-3.1
  license_family: GPL
  purls: []
  size: 3896432
  timestamp: 1757042571458
- conda: https://conda.anaconda.org/conda-forge/linux-64/libuuid-2.41.2-he9a06e4_0.conda
  sha256: e5ec6d2ad7eef538ddcb9ea62ad4346fde70a4736342c4ad87bd713641eb9808
  md5: 80c07c68d2f6870250959dcc95b209d1
  depends:
  - __glibc >=2.17,<3.0.a0
  - libgcc >=14
  license: BSD-3-Clause
  license_family: BSD
  purls: []
  size: 37135
  timestamp: 1758626800002
- conda: https://conda.anaconda.org/conda-forge/linux-64/libxcrypt-4.4.36-hd590300_1.conda
  sha256: 6ae68e0b86423ef188196fff6207ed0c8195dd84273cb5623b85aa08033a410c
  md5: 5aa797f8787fe7a17d1b0821485b5adc
  depends:
  - libgcc-ng >=12
  license: LGPL-2.1-or-later
  purls: []
  size: 100393
  timestamp: 1702724383534
- conda: https://conda.anaconda.org/conda-forge/linux-64/libzlib-1.3.1-hb9d3cd8_2.conda
  sha256: d4bfe88d7cb447768e31650f06257995601f89076080e76df55e3112d4e47dc4
  md5: edb0dca6bc32e4f4789199455a1dbeb8
  depends:
  - __glibc >=2.17,<3.0.a0
  - libgcc >=13
  constrains:
  - zlib 1.3.1 *_2
  license: Zlib
  license_family: Other
  purls: []
  size: 60963
  timestamp: 1727963148474
- conda: https://conda.anaconda.org/conda-forge/osx-64/libzlib-1.3.1-hd23fc13_2.conda
  sha256: 8412f96504fc5993a63edf1e211d042a1fd5b1d51dedec755d2058948fcced09
  md5: 003a54a4e32b02f7355b50a837e699da
  depends:
  - __osx >=10.13
  constrains:
  - zlib 1.3.1 *_2
  license: Zlib
  license_family: Other
  purls: []
  size: 57133
  timestamp: 1727963183990
- pypi: https://files.pythonhosted.org/packages/28/66/1ced58f12e804644426b85d0bb8a4478ca77bc1761455da310505f1a3526/lxml-6.0.2-cp311-cp311-macosx_10_9_x86_64.whl
  name: lxml
  version: 6.0.2
  sha256: 3b1675e096e17c6fe9c0e8c81434f5736c0739ff9ac6123c87c2d452f48fc938
  requires_dist:
  - cssselect>=0.7 ; extra == 'cssselect'
  - html5lib ; extra == 'html5'
  - beautifulsoup4 ; extra == 'htmlsoup'
  - lxml-html-clean ; extra == 'html-clean'
  requires_python: '>=3.8'
- pypi: https://files.pythonhosted.org/packages/b8/89/ea8f91594bc5dbb879734d35a6f2b0ad50605d7fb419de2b63d4211765cc/lxml-6.0.2-cp311-cp311-manylinux_2_26_x86_64.manylinux_2_28_x86_64.whl
  name: lxml
  version: 6.0.2
  sha256: 7d2de809c2ee3b888b59f995625385f74629707c9355e0ff856445cdcae682b7
  requires_dist:
  - cssselect>=0.7 ; extra == 'cssselect'
  - html5lib ; extra == 'html5'
  - beautifulsoup4 ; extra == 'htmlsoup'
  - lxml-html-clean ; extra == 'html-clean'
  requires_python: '>=3.8'
- pypi: https://files.pythonhosted.org/packages/94/54/e7d793b573f298e1c9013b8c4dade17d481164aa517d1d7148619c2cedbf/markdown_it_py-4.0.0-py3-none-any.whl
  name: markdown-it-py
  version: 4.0.0
  sha256: 87327c59b172c5011896038353a81343b6754500a08cd7a4973bb48c6d578147
  requires_dist:
  - mdurl~=0.1
  - psutil ; extra == 'benchmarking'
  - pytest ; extra == 'benchmarking'
  - pytest-benchmark ; extra == 'benchmarking'
  - commonmark~=0.9 ; extra == 'compare'
  - markdown~=3.4 ; extra == 'compare'
  - mistletoe~=1.0 ; extra == 'compare'
  - mistune~=3.0 ; extra == 'compare'
  - panflute~=2.3 ; extra == 'compare'
  - markdown-it-pyrs ; extra == 'compare'
  - linkify-it-py>=1,<3 ; extra == 'linkify'
  - mdit-py-plugins>=0.5.0 ; extra == 'plugins'
  - gprof2dot ; extra == 'profiling'
  - mdit-py-plugins>=0.5.0 ; extra == 'rtd'
  - myst-parser ; extra == 'rtd'
  - pyyaml ; extra == 'rtd'
  - sphinx ; extra == 'rtd'
  - sphinx-copybutton ; extra == 'rtd'
  - sphinx-design ; extra == 'rtd'
  - sphinx-book-theme~=1.0 ; extra == 'rtd'
  - jupyter-sphinx ; extra == 'rtd'
  - ipykernel ; extra == 'rtd'
  - coverage ; extra == 'testing'
  - pytest ; extra == 'testing'
  - pytest-cov ; extra == 'testing'
  - pytest-regressions ; extra == 'testing'
  - requests ; extra == 'testing'
  requires_python: '>=3.10'
- pypi: https://files.pythonhosted.org/packages/b3/38/89ba8ad64ae25be8de66a6d463314cf1eb366222074cfda9ee839c56a4b4/mdurl-0.1.2-py3-none-any.whl
  name: mdurl
  version: 0.1.2
  sha256: 84008a41e51615a49fc9966191ff91509e3c40b939176e643fd50a5c2196b8f8
  requires_python: '>=3.7'
- conda: https://conda.anaconda.org/conda-forge/linux-64/ncurses-6.5-h2d0b736_3.conda
  sha256: 3fde293232fa3fca98635e1167de6b7c7fda83caf24b9d6c91ec9eefb4f4d586
  md5: 47e340acb35de30501a76c7c799c41d7
  depends:
  - __glibc >=2.17,<3.0.a0
  - libgcc >=13
  license: X11 AND BSD-3-Clause
  purls: []
  size: 891641
  timestamp: 1738195959188
- conda: https://conda.anaconda.org/conda-forge/osx-64/ncurses-6.5-h0622a9a_3.conda
  sha256: ea4a5d27ded18443749aefa49dc79f6356da8506d508b5296f60b8d51e0c4bd9
  md5: ced34dd9929f491ca6dab6a2927aff25
  depends:
  - __osx >=10.13
  license: X11 AND BSD-3-Clause
  purls: []
  size: 822259
  timestamp: 1738196181298
- conda: https://conda.anaconda.org/conda-forge/linux-64/openssl-3.5.4-h26f9b46_0.conda
  sha256: e807f3bad09bdf4075dbb4168619e14b0c0360bacb2e12ef18641a834c8c5549
  md5: 14edad12b59ccbfa3910d42c72adc2a0
  depends:
  - __glibc >=2.17,<3.0.a0
  - ca-certificates
  - libgcc >=14
  license: Apache-2.0
  license_family: Apache
  purls: []
  size: 3119624
  timestamp: 1759324353651
- conda: https://conda.anaconda.org/conda-forge/osx-64/openssl-3.5.4-h230baf5_0.conda
  sha256: 3ce8467773b2472b2919412fd936413f05a9b10c42e52c27bbddc923ef5da78a
  md5: 075eaad78f96bbf5835952afbe44466e
  depends:
  - __osx >=10.13
  - ca-certificates
  license: Apache-2.0
  license_family: Apache
  purls: []
  size: 2747108
  timestamp: 1759326402264
- pypi: https://files.pythonhosted.org/packages/20/12/38679034af332785aac8774540895e234f4d07f7545804097de4b666afd8/packaging-25.0-py3-none-any.whl
  name: packaging
  version: '25.0'
  sha256: 29572ef2b1f17581046b3a2227d5c611fb25ec70ca1ba8554b24b0e69331a484
  requires_python: '>=3.8'
- conda: https://conda.anaconda.org/conda-forge/linux-64/pixi-pack-0.7.3-h60886be_0.conda
  sha256: e7471bafecf07994da618d96098dea60761687b0cc424e6d5c3d79ec7a2a99d7
  md5: 84e450c83565596b9fa66717ea1a76f5
  depends:
  - __glibc >=2.17,<3.0.a0
  - libgcc >=14
  - openssl >=3.5.3,<4.0a0
  constrains:
  - __glibc >=2.17
  license: BSD-3-Clause
  license_family: BSD
  purls: []
  size: 4975309
  timestamp: 1758733999053
- conda: https://conda.anaconda.org/conda-forge/osx-64/pixi-pack-0.7.3-h5d9ff99_0.conda
  sha256: bcad95a99d36643c2ab01658653a31fdd4cc1d80d3195d0c8aec2eb43da0a545
  md5: e68a78a5d154faad63b44c80d99fbe8b
  depends:
  - __osx >=10.13
  - openssl >=3.5.3,<4.0a0
  constrains:
  - __osx >=10.13
  license: BSD-3-Clause
  license_family: BSD
  purls: []
  size: 4196967
  timestamp: 1758734137512
- pypi: https://files.pythonhosted.org/packages/54/20/4d324d65cc6d9205fabedc306948156824eb9f0ee1633355a8f7ec5c66bf/pluggy-1.6.0-py3-none-any.whl
  name: pluggy
  version: 1.6.0
  sha256: e920276dd6813095e9377c0bc5566d94c932c33b27a3e3945d8389c374dd4746
  requires_dist:
  - pre-commit ; extra == 'dev'
  - tox ; extra == 'dev'
  - pytest ; extra == 'testing'
  - pytest-benchmark ; extra == 'testing'
  - coverage ; extra == 'testing'
  requires_python: '>=3.9'
- pypi: https://files.pythonhosted.org/packages/46/62/ce4051019ee20ce0ed74432dd73a5bb087a6704284a470bb8adff69a0932/psutil-7.1.0-cp36-abi3-macosx_10_9_x86_64.whl
  name: psutil
  version: 7.1.0
  sha256: 76168cef4397494250e9f4e73eb3752b146de1dd950040b29186d0cce1d5ca13
  requires_dist:
  - pytest ; extra == 'dev'
  - pytest-instafail ; extra == 'dev'
  - pytest-subtests ; extra == 'dev'
  - pytest-xdist ; extra == 'dev'
  - setuptools ; extra == 'dev'
  - abi3audit ; extra == 'dev'
  - black ; extra == 'dev'
  - check-manifest ; extra == 'dev'
  - coverage ; extra == 'dev'
  - packaging ; extra == 'dev'
  - pylint ; extra == 'dev'
  - pyperf ; extra == 'dev'
  - pypinfo ; extra == 'dev'
  - pytest-cov ; extra == 'dev'
  - requests ; extra == 'dev'
  - rstcheck ; extra == 'dev'
  - ruff ; extra == 'dev'
  - sphinx ; extra == 'dev'
  - sphinx-rtd-theme ; extra == 'dev'
  - toml-sort ; extra == 'dev'
  - twine ; extra == 'dev'
  - virtualenv ; extra == 'dev'
  - vulture ; extra == 'dev'
  - wheel ; extra == 'dev'
  - pyreadline ; os_name == 'nt' and extra == 'dev'
  - pywin32 ; os_name == 'nt' and platform_python_implementation != 'PyPy' and extra == 'dev'
  - wheel ; os_name == 'nt' and platform_python_implementation != 'PyPy' and extra == 'dev'
  - wmi ; os_name == 'nt' and platform_python_implementation != 'PyPy' and extra == 'dev'
  - pytest ; extra == 'test'
  - pytest-instafail ; extra == 'test'
  - pytest-subtests ; extra == 'test'
  - pytest-xdist ; extra == 'test'
  - setuptools ; extra == 'test'
  - pywin32 ; os_name == 'nt' and platform_python_implementation != 'PyPy' and extra == 'test'
  - wheel ; os_name == 'nt' and platform_python_implementation != 'PyPy' and extra == 'test'
  - wmi ; os_name == 'nt' and platform_python_implementation != 'PyPy' and extra == 'test'
  requires_python: '>=3.6'
- pypi: https://files.pythonhosted.org/packages/9d/de/04c8c61232f7244aa0a4b9a9fbd63a89d5aeaf94b2fc9d1d16e2faa5cbb0/psutil-7.1.0-cp36-abi3-manylinux_2_12_x86_64.manylinux2010_x86_64.manylinux_2_17_x86_64.manylinux2014_x86_64.whl
  name: psutil
  version: 7.1.0
  sha256: 8c70e113920d51e89f212dd7be06219a9b88014e63a4cec69b684c327bc474e3
  requires_dist:
  - pytest ; extra == 'dev'
  - pytest-instafail ; extra == 'dev'
  - pytest-subtests ; extra == 'dev'
  - pytest-xdist ; extra == 'dev'
  - setuptools ; extra == 'dev'
  - abi3audit ; extra == 'dev'
  - black ; extra == 'dev'
  - check-manifest ; extra == 'dev'
  - coverage ; extra == 'dev'
  - packaging ; extra == 'dev'
  - pylint ; extra == 'dev'
  - pyperf ; extra == 'dev'
  - pypinfo ; extra == 'dev'
  - pytest-cov ; extra == 'dev'
  - requests ; extra == 'dev'
  - rstcheck ; extra == 'dev'
  - ruff ; extra == 'dev'
  - sphinx ; extra == 'dev'
  - sphinx-rtd-theme ; extra == 'dev'
  - toml-sort ; extra == 'dev'
  - twine ; extra == 'dev'
  - virtualenv ; extra == 'dev'
  - vulture ; extra == 'dev'
  - wheel ; extra == 'dev'
  - pyreadline ; os_name == 'nt' and extra == 'dev'
  - pywin32 ; os_name == 'nt' and platform_python_implementation != 'PyPy' and extra == 'dev'
  - wheel ; os_name == 'nt' and platform_python_implementation != 'PyPy' and extra == 'dev'
  - wmi ; os_name == 'nt' and platform_python_implementation != 'PyPy' and extra == 'dev'
  - pytest ; extra == 'test'
  - pytest-instafail ; extra == 'test'
  - pytest-subtests ; extra == 'test'
  - pytest-xdist ; extra == 'test'
  - setuptools ; extra == 'test'
  - pywin32 ; os_name == 'nt' and platform_python_implementation != 'PyPy' and extra == 'test'
  - wheel ; os_name == 'nt' and platform_python_implementation != 'PyPy' and extra == 'test'
  - wmi ; os_name == 'nt' and platform_python_implementation != 'PyPy' and extra == 'test'
  requires_python: '>=3.6'
- pypi: https://files.pythonhosted.org/packages/a8/ee/a878f2ad010cbccb311f947f0f2f09d38f613938ee28c34e60fceecc75a1/pyaml-25.7.0-py3-none-any.whl
  name: pyaml
  version: 25.7.0
  sha256: ce5d7867cc2b455efdb9b0448324ff7b9f74d99f64650f12ca570102db6b985f
  requires_dist:
  - pyyaml
  - unidecode ; extra == 'anchors'
  requires_python: '>=3.8'
- pypi: https://files.pythonhosted.org/packages/ce/0b/fadfd7d0088efa3ba0cdcdbb51d093e18d3700f6f88634aa8387106394a4/pyfaidx-0.9.0.3-py3-none-any.whl
  name: pyfaidx
  version: 0.9.0.3
  sha256: e494edffd644dbfa141ec63196c274cbb1f029acfc5977108c4fe51fdf5dc3ae
  requires_dist:
  - importlib-metadata ; python_full_version < '3.8'
  - packaging
  requires_python: '>=3.7'
- pypi: https://files.pythonhosted.org/packages/c7/21/705964c7812476f378728bdf590ca4b771ec72385c533964653c68e86bdc/pygments-2.19.2-py3-none-any.whl
  name: pygments
  version: 2.19.2
  sha256: 86540386c03d588bb81d44bc3928634ff26449851e99741617ecb9037ee5ec0b
  requires_dist:
  - colorama>=0.4.6 ; extra == 'windows-terminal'
  requires_python: '>=3.8'
- pypi: https://files.pythonhosted.org/packages/a8/a4/20da314d277121d6534b3a980b29035dcd51e6744bd79075a6ce8fa4eb8d/pytest-8.4.2-py3-none-any.whl
  name: pytest
  version: 8.4.2
  sha256: 872f880de3fc3a5bdc88a11b39c9710c3497a547cfa9320bc3c5e62fbf272e79
  requires_dist:
  - colorama>=0.4 ; sys_platform == 'win32'
  - exceptiongroup>=1 ; python_full_version < '3.11'
  - iniconfig>=1
  - packaging>=20
  - pluggy>=1.5,<2
  - pygments>=2.7.2
  - tomli>=1 ; python_full_version < '3.11'
  - argcomplete ; extra == 'dev'
  - attrs>=19.2 ; extra == 'dev'
  - hypothesis>=3.56 ; extra == 'dev'
  - mock ; extra == 'dev'
  - requests ; extra == 'dev'
  - setuptools ; extra == 'dev'
  - xmlschema ; extra == 'dev'
  requires_python: '>=3.9'
- pypi: https://files.pythonhosted.org/packages/78/3a/af5b4fa5961d9a1e6237b530eb87dd04aea6eb83da09d2a4073d81b54ccf/pytest_cov-5.0.0-py3-none-any.whl
  name: pytest-cov
  version: 5.0.0
  sha256: 4f0764a1219df53214206bf1feea4633c3b558a2925c8b59f144f682861ce652
  requires_dist:
  - pytest>=4.6
  - coverage[toml]>=5.2.1
  - fields ; extra == 'testing'
  - hunter ; extra == 'testing'
  - process-tests ; extra == 'testing'
  - pytest-xdist ; extra == 'testing'
  - virtualenv ; extra == 'testing'
  requires_python: '>=3.8'
- conda: https://conda.anaconda.org/conda-forge/linux-64/python-3.11.13-h9e4cc4f_0_cpython.conda
  sha256: 9979a7d4621049388892489267139f1aa629b10c26601ba5dce96afc2b1551d4
  md5: 8c399445b6dc73eab839659e6c7b5ad1
  depends:
  - __glibc >=2.17,<3.0.a0
  - bzip2 >=1.0.8,<2.0a0
  - ld_impl_linux-64 >=2.36.1
  - libexpat >=2.7.0,<3.0a0
  - libffi >=3.4.6,<3.5.0a0
  - libgcc >=13
  - liblzma >=5.8.1,<6.0a0
  - libnsl >=2.0.1,<2.1.0a0
  - libsqlite >=3.50.0,<4.0a0
  - libuuid >=2.38.1,<3.0a0
  - libxcrypt >=4.4.36
  - libzlib >=1.3.1,<2.0a0
  - ncurses >=6.5,<7.0a0
  - openssl >=3.5.0,<4.0a0
  - readline >=8.2,<9.0a0
  - tk >=8.6.13,<8.7.0a0
  - tzdata
  constrains:
  - python_abi 3.11.* *_cp311
  license: Python-2.0
  purls: []
  size: 30629559
  timestamp: 1749050021812
- conda: https://conda.anaconda.org/conda-forge/osx-64/python-3.11.13-h9ccd52b_0_cpython.conda
  sha256: d8e15db837c10242658979bc475298059bd6615524f2f71365ab8e54fbfea43c
  md5: 6e28c31688c6f1fdea3dc3d48d33e1c0
  depends:
  - __osx >=10.13
  - bzip2 >=1.0.8,<2.0a0
  - libexpat >=2.7.0,<3.0a0
  - libffi >=3.4.6,<3.5.0a0
  - liblzma >=5.8.1,<6.0a0
  - libsqlite >=3.50.0,<4.0a0
  - libzlib >=1.3.1,<2.0a0
  - ncurses >=6.5,<7.0a0
  - openssl >=3.5.0,<4.0a0
  - readline >=8.2,<9.0a0
  - tk >=8.6.13,<8.7.0a0
  - tzdata
  constrains:
  - python_abi 3.11.* *_cp311
  license: Python-2.0
  purls: []
  size: 15423460
  timestamp: 1749049420299
- pypi: https://files.pythonhosted.org/packages/6d/16/a95b6757765b7b031c9374925bb718d55e0a9ba8a1b6a12d25962ea44347/pyyaml-6.0.3-cp311-cp311-macosx_10_13_x86_64.whl
  name: pyyaml
  version: 6.0.3
  sha256: 44edc647873928551a01e7a563d7452ccdebee747728c1080d881d68af7b997e
  requires_python: '>=3.8'
- pypi: https://files.pythonhosted.org/packages/71/60/917329f640924b18ff085ab889a11c763e0b573da888e8404ff486657602/pyyaml-6.0.3-cp311-cp311-manylinux2014_x86_64.manylinux_2_17_x86_64.manylinux_2_28_x86_64.whl
  name: pyyaml
  version: 6.0.3
  sha256: b8bb0864c5a28024fac8a632c443c87c5aa6f215c0b126c449ae1a150412f31d
  requires_python: '>=3.8'
- conda: https://conda.anaconda.org/conda-forge/linux-64/readline-8.2-h8c095d6_2.conda
  sha256: 2d6d0c026902561ed77cd646b5021aef2d4db22e57a5b0178dfc669231e06d2c
  md5: 283b96675859b20a825f8fa30f311446
  depends:
  - libgcc >=13
  - ncurses >=6.5,<7.0a0
  license: GPL-3.0-only
  license_family: GPL
  purls: []
  size: 282480
  timestamp: 1740379431762
- conda: https://conda.anaconda.org/conda-forge/osx-64/readline-8.2-h7cca4af_2.conda
  sha256: 53017e80453c4c1d97aaf78369040418dea14cf8f46a2fa999f31bd70b36c877
  md5: 342570f8e02f2f022147a7f841475784
  depends:
  - ncurses >=6.5,<7.0a0
  license: GPL-3.0-only
  license_family: GPL
  purls: []
  size: 256712
  timestamp: 1740379577668
- pypi: https://files.pythonhosted.org/packages/e3/30/3c4d035596d3cf444529e0b2953ad0466f6049528a879d27534700580395/rich-14.1.0-py3-none-any.whl
  name: rich
  version: 14.1.0
  sha256: 536f5f1785986d6dbdea3c75205c473f970777b4a0d6c6dd1b696aa05a3fa04f
  requires_dist:
  - ipywidgets>=7.5.1,<9 ; extra == 'jupyter'
  - markdown-it-py>=2.2.0
  - pygments>=2.13.0,<3.0.0
  requires_python: '>=3.8.0'
- pypi: https://files.pythonhosted.org/packages/8b/69/b179a5faf936a9e2ab45bb412a668e4661eded964ccfa19d533f29463ef6/ruff-0.6.9-py3-none-macosx_10_12_x86_64.whl
  name: ruff
  version: 0.6.9
  sha256: 140d4b5c9f5fc7a7b074908a78ab8d384dd7f6510402267bc76c37195c02a7ec
  requires_python: '>=3.7'
- pypi: https://files.pythonhosted.org/packages/a7/86/96f4252f41840e325b3fa6c48297e661abb9f564bd7dcc0572398c8daa42/ruff-0.6.9-py3-none-manylinux_2_17_x86_64.manylinux2014_x86_64.whl
  name: ruff
  version: 0.6.9
  sha256: a67267654edc23c97335586774790cde402fb6bbdb3c2314f1fc087dee320bfa
  requires_python: '>=3.7'
- pypi: https://files.pythonhosted.org/packages/e0/f9/0595336914c5619e5f28a1fb793285925a8cd4b432c9da0a987836c7f822/shellingham-1.5.4-py2.py3-none-any.whl
  name: shellingham
  version: 1.5.4
  sha256: 7ecfff8f2fd72616f7481040475a65b2bf8af90a56c89140852d1120324e8686
  requires_python: '>=3.7'
- pypi: https://files.pythonhosted.org/packages/d5/67/3198ff53bfabb3a40ac9b0e6be7ac9830509cef226588bf9930e24bea6e8/stringMLST-0.6.3.tar.gz
  name: stringmlst
  version: 0.6.3
  sha256: d9674ee092438f46e596ef3baf6707362005b40e9497145a2eacd1a43a726583
  requires_dist:
  - lxml
  - pyfaidx
- conda: https://conda.anaconda.org/bioconda/linux-64/sylph-0.8.1-ha6fb395_0.tar.bz2
  sha256: f779db09acd580617e5bed23b0ae9acaa68d09f90e93dde3f469a2aaf43fe14c
  md5: 13132eaa1ea26e1fc41cadba1e884c66
  depends:
  - libgcc >=13
  - libstdcxx >=13
  constrains:
  - __glibc >=2.17
  license: MIT
  license_family: MIT
  purls: []
  size: 800517
  timestamp: 1741911924082
- conda: https://conda.anaconda.org/bioconda/osx-64/sylph-0.8.1-hdc87acc_0.tar.bz2
  sha256: 800be8c455ebbd8e8f5f4175d10980b9282abda90b978a6055314405f791cbfe
  md5: 95a5f0927807b26b323811c802364695
  depends:
  - libcxx >=18
  constrains:
  - __osx >=10.13
  license: MIT
  license_family: MIT
  purls: []
  size: 685784
  timestamp: 1741912731931
- conda: https://conda.anaconda.org/conda-forge/linux-64/tk-8.6.13-noxft_hd72426e_102.conda
  sha256: a84ff687119e6d8752346d1d408d5cf360dee0badd487a472aa8ddedfdc219e1
  md5: a0116df4f4ed05c303811a837d5b39d8
  depends:
  - __glibc >=2.17,<3.0.a0
  - libgcc >=13
  - libzlib >=1.3.1,<2.0a0
  license: TCL
  license_family: BSD
  purls: []
  size: 3285204
  timestamp: 1748387766691
- conda: https://conda.anaconda.org/conda-forge/osx-64/tk-8.6.13-hf689a15_2.conda
  sha256: b24468006a96b71a5f4372205ea7ec4b399b0f2a543541e86f883de54cd623fc
  md5: 9864891a6946c2fe037c02fca7392ab4
  depends:
  - __osx >=10.13
  - libzlib >=1.3.1,<2.0a0
  license: TCL
  license_family: BSD
  purls: []
  size: 3259809
  timestamp: 1748387843735
- pypi: https://files.pythonhosted.org/packages/00/22/35617eee79080a5d071d0f14ad698d325ee6b3bf824fc0467c03b30e7fa8/typer-0.19.2-py3-none-any.whl
  name: typer
  version: 0.19.2
  sha256: 755e7e19670ffad8283db353267cb81ef252f595aa6834a0d1ca9312d9326cb9
  requires_dist:
  - click>=8.0.0
  - typing-extensions>=3.7.4.3
  - shellingham>=1.3.0
  - rich>=10.11.0
  requires_python: '>=3.8'
- pypi: https://files.pythonhosted.org/packages/18/67/36e9267722cc04a6b9f15c7f3441c2363321a3ea07da7ae0c0707beb2a9c/typing_extensions-4.15.0-py3-none-any.whl
  name: typing-extensions
  version: 4.15.0
  sha256: f0fa19c6845758ab08074a0cfa8b7aecb71c999ca73d62883bc25cc018c4e548
  requires_python: '>=3.9'
- conda: https://conda.anaconda.org/conda-forge/noarch/tzdata-2025b-h78e105d_0.conda
  sha256: 5aaa366385d716557e365f0a4e9c3fca43ba196872abbbe3d56bb610d131e192
  md5: 4222072737ccff51314b5ece9c7d6f5a
  license: LicenseRef-Public-Domain
  purls: []
  size: 122968
  timestamp: 1742727099393
